// !$*UTF8*$!
{
	archiveVersion = 1;
	classes = {
	};
	objectVersion = 46;
	objects = {

/* Begin PBXBuildFile section */
		4A2886351B2F8A0900919FB7 /* MissedTableViewCell.swift in Sources */ = {isa = PBXBuildFile; fileRef = 4A2886341B2F8A0900919FB7 /* MissedTableViewCell.swift */; };
		4A2886371B2FC9CE00919FB7 /* GetMissed.swift in Sources */ = {isa = PBXBuildFile; fileRef = 4A2886361B2FC9CE00919FB7 /* GetMissed.swift */; };
		4A2B92591B10125200583088 /* User.swift in Sources */ = {isa = PBXBuildFile; fileRef = 4A2B92581B10125200583088 /* User.swift */; };
		4A2E46301B1D7F8E007C02E4 /* images in Resources */ = {isa = PBXBuildFile; fileRef = 4A2E462F1B1D7F8E007C02E4 /* images */; };
		4A2E46351B257148007C02E4 /* MissedViewController.swift in Sources */ = {isa = PBXBuildFile; fileRef = 4A2E46341B257148007C02E4 /* MissedViewController.swift */; };
		4A5722521B4E44580057572C /* FBinclude.swift in Sources */ = {isa = PBXBuildFile; fileRef = 4A5722511B4E44570057572C /* FBinclude.swift */; };
		4A5722541B4E4A360057572C /* FBtextView.swift in Sources */ = {isa = PBXBuildFile; fileRef = 4A5722531B4E4A360057572C /* FBtextView.swift */; };
		4A5722561B4F5A520057572C /* SocialHelper.swift in Sources */ = {isa = PBXBuildFile; fileRef = 4A5722551B4F5A520057572C /* SocialHelper.swift */; };
		4A57225A1B4F72980057572C /* UserSocialViewController.swift in Sources */ = {isa = PBXBuildFile; fileRef = 4A5722591B4F72980057572C /* UserSocialViewController.swift */; };
		4A57225C1B4F730B0057572C /* UserSocialTableViewCell.swift in Sources */ = {isa = PBXBuildFile; fileRef = 4A57225B1B4F730B0057572C /* UserSocialTableViewCell.swift */; };
		4A57225E1B4F74660057572C /* SocialInfoModel.swift in Sources */ = {isa = PBXBuildFile; fileRef = 4A57225D1B4F74660057572C /* SocialInfoModel.swift */; };
		4A5E96E71B42507B00DEFDB8 /* UserServer.swift in Sources */ = {isa = PBXBuildFile; fileRef = 4A5E96E61B42507B00DEFDB8 /* UserServer.swift */; };
		4A5E96E91B4252F100DEFDB8 /* SocialModel.swift in Sources */ = {isa = PBXBuildFile; fileRef = 4A5E96E81B4252F100DEFDB8 /* SocialModel.swift */; };
		4A5E96EB1B4256B200DEFDB8 /* MissedModel.swift in Sources */ = {isa = PBXBuildFile; fileRef = 4A5E96EA1B4256B200DEFDB8 /* MissedModel.swift */; };
		4A5E96ED1B4258F300DEFDB8 /* UserProfileModel.swift in Sources */ = {isa = PBXBuildFile; fileRef = 4A5E96EC1B4258F300DEFDB8 /* UserProfileModel.swift */; };
		4A817CF11B328209007C8AA4 /* SocialViewController.swift in Sources */ = {isa = PBXBuildFile; fileRef = 4A817CF01B328209007C8AA4 /* SocialViewController.swift */; };
		4A817CF31B32824B007C8AA4 /* SocialTableViewCell.swift in Sources */ = {isa = PBXBuildFile; fileRef = 4A817CF21B32824B007C8AA4 /* SocialTableViewCell.swift */; };
		4A817CF61B33A450007C8AA4 /* UserProfileViewController.swift in Sources */ = {isa = PBXBuildFile; fileRef = 4A817CF51B33A450007C8AA4 /* UserProfileViewController.swift */; };
		4A817CF81B33A5B8007C8AA4 /* UserProfileTableViewCell.swift in Sources */ = {isa = PBXBuildFile; fileRef = 4A817CF71B33A5B8007C8AA4 /* UserProfileTableViewCell.swift */; };
		4A817CFA1B33F86D007C8AA4 /* SocialWebViewController.swift in Sources */ = {isa = PBXBuildFile; fileRef = 4A817CF91B33F86D007C8AA4 /* SocialWebViewController.swift */; };
		4A8C2E121B37EC05003027ED /* AlbumViewControllerCell.swift in Sources */ = {isa = PBXBuildFile; fileRef = 4A8C2E111B37EC05003027ED /* AlbumViewControllerCell.swift */; };
		4ABB9EF21AA2F39A00A72F08 /* MySocialViewController.swift in Sources */ = {isa = PBXBuildFile; fileRef = 4ABB9EF11AA2F39A00A72F08 /* MySocialViewController.swift */; };
		4ABF739A1B45F5FC006CCD92 /* UserMissedViewController.swift in Sources */ = {isa = PBXBuildFile; fileRef = 4ABF73991B45F5FC006CCD92 /* UserMissedViewController.swift */; };
		4ABF739C1B463145006CCD92 /* MissedHelper.swift in Sources */ = {isa = PBXBuildFile; fileRef = 4ABF739B1B463145006CCD92 /* MissedHelper.swift */; };
		4ABF739E1B463BB1006CCD92 /* MissedInfoModel.swift in Sources */ = {isa = PBXBuildFile; fileRef = 4ABF739D1B463BB1006CCD92 /* MissedInfoModel.swift */; };
		4ABF73A01B471921006CCD92 /* UserMissedTableViewCell.swift in Sources */ = {isa = PBXBuildFile; fileRef = 4ABF739F1B471921006CCD92 /* UserMissedTableViewCell.swift */; };
		4AC267E51A6E3CDB00AA6478 /* Location.m in Sources */ = {isa = PBXBuildFile; fileRef = 4AC267E41A6E3CDB00AA6478 /* Location.m */; };
		4AC3BB2B1B51D1B900EA6ED3 /* Images.xcassets in Resources */ = {isa = PBXBuildFile; fileRef = 4AC3BB2A1B51D1B900EA6ED3 /* Images.xcassets */; };
		4AC597A11A85D7E600A60F2A /* FacebookSDK.framework in Frameworks */ = {isa = PBXBuildFile; fileRef = 4AC597A01A85D7E600A60F2A /* FacebookSDK.framework */; };
		4AC597A31A8B4CCF00A60F2A /* HomeViewController.swift in Sources */ = {isa = PBXBuildFile; fileRef = 4AC597A21A8B4CCF00A60F2A /* HomeViewController.swift */; };
		4AC7CFF01B0DBE53001D48B4 /* FacebookBox.swift in Sources */ = {isa = PBXBuildFile; fileRef = 4AC7CFEF1B0DBE53001D48B4 /* FacebookBox.swift */; };
		4AC7CFF41B0E92B2001D48B4 /* InstagramBox.swift in Sources */ = {isa = PBXBuildFile; fileRef = 4AC7CFF31B0E92B2001D48B4 /* InstagramBox.swift */; };
		4AC7CFF61B0E92EB001D48B4 /* SnapchatBox.swift in Sources */ = {isa = PBXBuildFile; fileRef = 4AC7CFF51B0E92EB001D48B4 /* SnapchatBox.swift */; };
		4AC7CFF81B0E932A001D48B4 /* LinkedinBox.swift in Sources */ = {isa = PBXBuildFile; fileRef = 4AC7CFF71B0E932A001D48B4 /* LinkedinBox.swift */; };
		4AC7CFFB1B0EADE0001D48B4 /* Main.storyboard in Resources */ = {isa = PBXBuildFile; fileRef = 4AC7CFF91B0EADE0001D48B4 /* Main.storyboard */; };
		4AC7CFFE1B0EB055001D48B4 /* Storyboard.storyboard in Resources */ = {isa = PBXBuildFile; fileRef = 4AC7CFFC1B0EB055001D48B4 /* Storyboard.storyboard */; };
		4ACA03311B37C92400CB31C1 /* AlbumViewController.swift in Sources */ = {isa = PBXBuildFile; fileRef = 4ACA03301B37C92100CB31C1 /* AlbumViewController.swift */; };
		4ACA934D1A95A46600808F3F /* LandingViewController.swift in Sources */ = {isa = PBXBuildFile; fileRef = 4ACA934C1A95A46600808F3F /* LandingViewController.swift */; };
		4ACC0DC71A70CA8D00CF74C4 /* CoreDataManagement.swift in Sources */ = {isa = PBXBuildFile; fileRef = 4ACC0DC61A70CA8D00CF74C4 /* CoreDataManagement.swift */; };
		4ACC0DC91A744A6200CF74C4 /* CoreDataToServer.swift in Sources */ = {isa = PBXBuildFile; fileRef = 4ACC0DC81A744A6200CF74C4 /* CoreDataToServer.swift */; };
		4ACC0DCB1A760B8900CF74C4 /* ServerManagement.swift in Sources */ = {isa = PBXBuildFile; fileRef = 4ACC0DCA1A760B8900CF74C4 /* ServerManagement.swift */; };
		4AEFB2BB1B1192BA008FC58A /* UserPhotos.swift in Sources */ = {isa = PBXBuildFile; fileRef = 4AEFB2BA1B1192BA008FC58A /* UserPhotos.swift */; };
		4AEFB2BD1B119348008FC58A /* AlbumModel.swift in Sources */ = {isa = PBXBuildFile; fileRef = 4AEFB2BC1B119348008FC58A /* AlbumModel.swift */; };
		4AEFB2BF1B11945B008FC58A /* FBphotohelper.swift in Sources */ = {isa = PBXBuildFile; fileRef = 4AEFB2BE1B11945B008FC58A /* FBphotohelper.swift */; };
		4AEFB2C11B119703008FC58A /* AlbumsViewController.swift in Sources */ = {isa = PBXBuildFile; fileRef = 4AEFB2C01B119703008FC58A /* AlbumsViewController.swift */; };
		4AEFB2C91B159E5F008FC58A /* SinglePhotoViewController.swift in Sources */ = {isa = PBXBuildFile; fileRef = 4AEFB2C81B159E5F008FC58A /* SinglePhotoViewController.swift */; };
		CFE4907A1A545A0800D66D5A /* AppDelegate.swift in Sources */ = {isa = PBXBuildFile; fileRef = CFE490791A545A0800D66D5A /* AppDelegate.swift */; };
		CFE4907D1A545A0800D66D5A /* ms.xcdatamodeld in Sources */ = {isa = PBXBuildFile; fileRef = CFE4907B1A545A0800D66D5A /* ms.xcdatamodeld */; };
		CFE490871A545A0800D66D5A /* LaunchScreen.xib in Resources */ = {isa = PBXBuildFile; fileRef = CFE490851A545A0800D66D5A /* LaunchScreen.xib */; };
		CFE490931A545A0800D66D5A /* msTests.swift in Sources */ = {isa = PBXBuildFile; fileRef = CFE490921A545A0800D66D5A /* msTests.swift */; };
/* End PBXBuildFile section */

/* Begin PBXContainerItemProxy section */
		CFE4908D1A545A0800D66D5A /* PBXContainerItemProxy */ = {
			isa = PBXContainerItemProxy;
			containerPortal = CFE4906C1A545A0800D66D5A /* Project object */;
			proxyType = 1;
			remoteGlobalIDString = CFE490731A545A0800D66D5A;
			remoteInfo = ms;
		};
/* End PBXContainerItemProxy section */

/* Begin PBXFileReference section */
		4A2886341B2F8A0900919FB7 /* MissedTableViewCell.swift */ = {isa = PBXFileReference; fileEncoding = 4; lastKnownFileType = sourcecode.swift; path = MissedTableViewCell.swift; sourceTree = "<group>"; };
		4A2886361B2FC9CE00919FB7 /* GetMissed.swift */ = {isa = PBXFileReference; fileEncoding = 4; lastKnownFileType = sourcecode.swift; path = GetMissed.swift; sourceTree = "<group>"; };
		4A2B92581B10125200583088 /* User.swift */ = {isa = PBXFileReference; fileEncoding = 4; lastKnownFileType = sourcecode.swift; path = User.swift; sourceTree = "<group>"; };
		4A2E462F1B1D7F8E007C02E4 /* images */ = {isa = PBXFileReference; lastKnownFileType = folder; path = images; sourceTree = "<group>"; };
		4A2E46341B257148007C02E4 /* MissedViewController.swift */ = {isa = PBXFileReference; fileEncoding = 4; lastKnownFileType = sourcecode.swift; path = MissedViewController.swift; sourceTree = "<group>"; };
		4A5722511B4E44570057572C /* FBinclude.swift */ = {isa = PBXFileReference; fileEncoding = 4; lastKnownFileType = sourcecode.swift; path = FBinclude.swift; sourceTree = "<group>"; };
		4A5722531B4E4A360057572C /* FBtextView.swift */ = {isa = PBXFileReference; fileEncoding = 4; lastKnownFileType = sourcecode.swift; path = FBtextView.swift; sourceTree = "<group>"; };
		4A5722551B4F5A520057572C /* SocialHelper.swift */ = {isa = PBXFileReference; fileEncoding = 4; lastKnownFileType = sourcecode.swift; path = SocialHelper.swift; sourceTree = "<group>"; };
		4A5722591B4F72980057572C /* UserSocialViewController.swift */ = {isa = PBXFileReference; fileEncoding = 4; lastKnownFileType = sourcecode.swift; path = UserSocialViewController.swift; sourceTree = "<group>"; };
		4A57225B1B4F730B0057572C /* UserSocialTableViewCell.swift */ = {isa = PBXFileReference; fileEncoding = 4; lastKnownFileType = sourcecode.swift; path = UserSocialTableViewCell.swift; sourceTree = "<group>"; };
		4A57225D1B4F74660057572C /* SocialInfoModel.swift */ = {isa = PBXFileReference; fileEncoding = 4; lastKnownFileType = sourcecode.swift; path = SocialInfoModel.swift; sourceTree = "<group>"; };
		4A5E96E61B42507B00DEFDB8 /* UserServer.swift */ = {isa = PBXFileReference; fileEncoding = 4; lastKnownFileType = sourcecode.swift; path = UserServer.swift; sourceTree = "<group>"; };
		4A5E96E81B4252F100DEFDB8 /* SocialModel.swift */ = {isa = PBXFileReference; fileEncoding = 4; lastKnownFileType = sourcecode.swift; path = SocialModel.swift; sourceTree = "<group>"; };
		4A5E96EA1B4256B200DEFDB8 /* MissedModel.swift */ = {isa = PBXFileReference; fileEncoding = 4; lastKnownFileType = sourcecode.swift; path = MissedModel.swift; sourceTree = "<group>"; };
		4A5E96EC1B4258F300DEFDB8 /* UserProfileModel.swift */ = {isa = PBXFileReference; fileEncoding = 4; lastKnownFileType = sourcecode.swift; path = UserProfileModel.swift; sourceTree = "<group>"; };
		4A817CF01B328209007C8AA4 /* SocialViewController.swift */ = {isa = PBXFileReference; fileEncoding = 4; lastKnownFileType = sourcecode.swift; path = SocialViewController.swift; sourceTree = "<group>"; };
		4A817CF21B32824B007C8AA4 /* SocialTableViewCell.swift */ = {isa = PBXFileReference; fileEncoding = 4; lastKnownFileType = sourcecode.swift; path = SocialTableViewCell.swift; sourceTree = "<group>"; };
		4A817CF51B33A450007C8AA4 /* UserProfileViewController.swift */ = {isa = PBXFileReference; fileEncoding = 4; lastKnownFileType = sourcecode.swift; path = UserProfileViewController.swift; sourceTree = "<group>"; };
		4A817CF71B33A5B8007C8AA4 /* UserProfileTableViewCell.swift */ = {isa = PBXFileReference; fileEncoding = 4; lastKnownFileType = sourcecode.swift; path = UserProfileTableViewCell.swift; sourceTree = "<group>"; };
		4A817CF91B33F86D007C8AA4 /* SocialWebViewController.swift */ = {isa = PBXFileReference; fileEncoding = 4; lastKnownFileType = sourcecode.swift; path = SocialWebViewController.swift; sourceTree = "<group>"; };
		4A8C2E111B37EC05003027ED /* AlbumViewControllerCell.swift */ = {isa = PBXFileReference; fileEncoding = 4; lastKnownFileType = sourcecode.swift; path = AlbumViewControllerCell.swift; sourceTree = "<group>"; };
		4ABB9EF11AA2F39A00A72F08 /* MySocialViewController.swift */ = {isa = PBXFileReference; fileEncoding = 4; lastKnownFileType = sourcecode.swift; path = MySocialViewController.swift; sourceTree = "<group>"; };
		4ABF73991B45F5FC006CCD92 /* UserMissedViewController.swift */ = {isa = PBXFileReference; fileEncoding = 4; lastKnownFileType = sourcecode.swift; path = UserMissedViewController.swift; sourceTree = "<group>"; };
		4ABF739B1B463145006CCD92 /* MissedHelper.swift */ = {isa = PBXFileReference; fileEncoding = 4; lastKnownFileType = sourcecode.swift; path = MissedHelper.swift; sourceTree = "<group>"; };
		4ABF739D1B463BB1006CCD92 /* MissedInfoModel.swift */ = {isa = PBXFileReference; fileEncoding = 4; lastKnownFileType = sourcecode.swift; path = MissedInfoModel.swift; sourceTree = "<group>"; };
		4ABF739F1B471921006CCD92 /* UserMissedTableViewCell.swift */ = {isa = PBXFileReference; fileEncoding = 4; lastKnownFileType = sourcecode.swift; path = UserMissedTableViewCell.swift; sourceTree = "<group>"; };
		4AC267D71A6E1F5C00AA6478 /* ms-Bridging-Header.h */ = {isa = PBXFileReference; lastKnownFileType = sourcecode.c.h; path = "ms-Bridging-Header.h"; sourceTree = "<group>"; };
		4AC267E41A6E3CDB00AA6478 /* Location.m */ = {isa = PBXFileReference; fileEncoding = 4; lastKnownFileType = sourcecode.c.objc; path = Location.m; sourceTree = SOURCE_ROOT; };
		4AC267E61A6E3CEE00AA6478 /* Location.h */ = {isa = PBXFileReference; lastKnownFileType = sourcecode.c.h; path = Location.h; sourceTree = SOURCE_ROOT; };
		4AC3BB2A1B51D1B900EA6ED3 /* Images.xcassets */ = {isa = PBXFileReference; lastKnownFileType = folder.assetcatalog; path = Images.xcassets; sourceTree = "<group>"; };
		4AC597A01A85D7E600A60F2A /* FacebookSDK.framework */ = {isa = PBXFileReference; lastKnownFileType = wrapper.framework; name = FacebookSDK.framework; path = ../../../Documents/FacebookSDK/FacebookSDK.framework; sourceTree = "<group>"; };
		4AC597A21A8B4CCF00A60F2A /* HomeViewController.swift */ = {isa = PBXFileReference; fileEncoding = 4; lastKnownFileType = sourcecode.swift; path = HomeViewController.swift; sourceTree = "<group>"; };
		4AC7CFEF1B0DBE53001D48B4 /* FacebookBox.swift */ = {isa = PBXFileReference; fileEncoding = 4; lastKnownFileType = sourcecode.swift; path = FacebookBox.swift; sourceTree = "<group>"; };
		4AC7CFF31B0E92B2001D48B4 /* InstagramBox.swift */ = {isa = PBXFileReference; fileEncoding = 4; lastKnownFileType = sourcecode.swift; path = InstagramBox.swift; sourceTree = "<group>"; };
		4AC7CFF51B0E92EB001D48B4 /* SnapchatBox.swift */ = {isa = PBXFileReference; fileEncoding = 4; lastKnownFileType = sourcecode.swift; path = SnapchatBox.swift; sourceTree = "<group>"; };
		4AC7CFF71B0E932A001D48B4 /* LinkedinBox.swift */ = {isa = PBXFileReference; fileEncoding = 4; lastKnownFileType = sourcecode.swift; path = LinkedinBox.swift; sourceTree = "<group>"; };
		4AC7CFFA1B0EADE0001D48B4 /* Base */ = {isa = PBXFileReference; lastKnownFileType = file.storyboard; name = Base; path = Base.lproj/Main.storyboard; sourceTree = "<group>"; };
		4AC7CFFD1B0EB055001D48B4 /* Base */ = {isa = PBXFileReference; lastKnownFileType = file.storyboard; name = Base; path = "../../ms-5-2/ms/Base.lproj/Storyboard.storyboard"; sourceTree = "<group>"; };
		4ACA03301B37C92100CB31C1 /* AlbumViewController.swift */ = {isa = PBXFileReference; fileEncoding = 4; lastKnownFileType = sourcecode.swift; path = AlbumViewController.swift; sourceTree = "<group>"; };
		4ACA934C1A95A46600808F3F /* LandingViewController.swift */ = {isa = PBXFileReference; fileEncoding = 4; lastKnownFileType = sourcecode.swift; path = LandingViewController.swift; sourceTree = "<group>"; };
		4ACC0DC61A70CA8D00CF74C4 /* CoreDataManagement.swift */ = {isa = PBXFileReference; fileEncoding = 4; lastKnownFileType = sourcecode.swift; path = CoreDataManagement.swift; sourceTree = "<group>"; };
		4ACC0DC81A744A6200CF74C4 /* CoreDataToServer.swift */ = {isa = PBXFileReference; fileEncoding = 4; lastKnownFileType = sourcecode.swift; path = CoreDataToServer.swift; sourceTree = "<group>"; };
		4ACC0DCA1A760B8900CF74C4 /* ServerManagement.swift */ = {isa = PBXFileReference; fileEncoding = 4; lastKnownFileType = sourcecode.swift; path = ServerManagement.swift; sourceTree = "<group>"; };
		4AEFB2BA1B1192BA008FC58A /* UserPhotos.swift */ = {isa = PBXFileReference; fileEncoding = 4; lastKnownFileType = sourcecode.swift; path = UserPhotos.swift; sourceTree = "<group>"; };
		4AEFB2BC1B119348008FC58A /* AlbumModel.swift */ = {isa = PBXFileReference; fileEncoding = 4; lastKnownFileType = sourcecode.swift; path = AlbumModel.swift; sourceTree = "<group>"; };
		4AEFB2BE1B11945B008FC58A /* FBphotohelper.swift */ = {isa = PBXFileReference; fileEncoding = 4; lastKnownFileType = sourcecode.swift; path = FBphotohelper.swift; sourceTree = "<group>"; };
		4AEFB2C01B119703008FC58A /* AlbumsViewController.swift */ = {isa = PBXFileReference; fileEncoding = 4; lastKnownFileType = sourcecode.swift; path = AlbumsViewController.swift; sourceTree = "<group>"; };
		4AEFB2C81B159E5F008FC58A /* SinglePhotoViewController.swift */ = {isa = PBXFileReference; fileEncoding = 4; lastKnownFileType = sourcecode.swift; path = SinglePhotoViewController.swift; sourceTree = "<group>"; };
		CFE490741A545A0800D66D5A /* ms.app */ = {isa = PBXFileReference; explicitFileType = wrapper.application; includeInIndex = 0; path = ms.app; sourceTree = BUILT_PRODUCTS_DIR; };
		CFE490781A545A0800D66D5A /* Info.plist */ = {isa = PBXFileReference; lastKnownFileType = text.plist.xml; path = Info.plist; sourceTree = "<group>"; };
		CFE490791A545A0800D66D5A /* AppDelegate.swift */ = {isa = PBXFileReference; lastKnownFileType = sourcecode.swift; path = AppDelegate.swift; sourceTree = "<group>"; };
		CFE4907C1A545A0800D66D5A /* ms.xcdatamodel */ = {isa = PBXFileReference; lastKnownFileType = wrapper.xcdatamodel; path = ms.xcdatamodel; sourceTree = "<group>"; };
		CFE490861A545A0800D66D5A /* Base */ = {isa = PBXFileReference; lastKnownFileType = file.xib; name = Base; path = Base.lproj/LaunchScreen.xib; sourceTree = "<group>"; };
		CFE4908C1A545A0800D66D5A /* msTests.xctest */ = {isa = PBXFileReference; explicitFileType = wrapper.cfbundle; includeInIndex = 0; path = msTests.xctest; sourceTree = BUILT_PRODUCTS_DIR; };
		CFE490911A545A0800D66D5A /* Info.plist */ = {isa = PBXFileReference; lastKnownFileType = text.plist.xml; path = Info.plist; sourceTree = "<group>"; };
		CFE490921A545A0800D66D5A /* msTests.swift */ = {isa = PBXFileReference; lastKnownFileType = sourcecode.swift; path = msTests.swift; sourceTree = "<group>"; };
/* End PBXFileReference section */

/* Begin PBXFrameworksBuildPhase section */
		CFE490711A545A0800D66D5A /* Frameworks */ = {
			isa = PBXFrameworksBuildPhase;
			buildActionMask = 2147483647;
			files = (
				4AC597A11A85D7E600A60F2A /* FacebookSDK.framework in Frameworks */,
			);
			runOnlyForDeploymentPostprocessing = 0;
		};
		CFE490891A545A0800D66D5A /* Frameworks */ = {
			isa = PBXFrameworksBuildPhase;
			buildActionMask = 2147483647;
			files = (
			);
			runOnlyForDeploymentPostprocessing = 0;
		};
/* End PBXFrameworksBuildPhase section */

/* Begin PBXGroup section */
		4A2E46311B256FE6007C02E4 /* Missed */ = {
			isa = PBXGroup;
			children = (
				4A2E46341B257148007C02E4 /* MissedViewController.swift */,
				4A2886341B2F8A0900919FB7 /* MissedTableViewCell.swift */,
				4A2886361B2FC9CE00919FB7 /* GetMissed.swift */,
				4A5E96EA1B4256B200DEFDB8 /* MissedModel.swift */,
				4ABF739B1B463145006CCD92 /* MissedHelper.swift */,
				4ABF739D1B463BB1006CCD92 /* MissedInfoModel.swift */,
				4ABF73991B45F5FC006CCD92 /* UserMissedViewController.swift */,
				4ABF739F1B471921006CCD92 /* UserMissedTableViewCell.swift */,
			);
			name = Missed;
			sourceTree = "<group>";
		};
		4A817CEF1B328030007C8AA4 /* Social */ = {
			isa = PBXGroup;
			children = (
				4A817CF01B328209007C8AA4 /* SocialViewController.swift */,
				4A817CF21B32824B007C8AA4 /* SocialTableViewCell.swift */,
				4A5E96E81B4252F100DEFDB8 /* SocialModel.swift */,
				4A5722551B4F5A520057572C /* SocialHelper.swift */,
				4A57225D1B4F74660057572C /* SocialInfoModel.swift */,
				4A5722591B4F72980057572C /* UserSocialViewController.swift */,
				4A57225B1B4F730B0057572C /* UserSocialTableViewCell.swift */,
			);
			name = Social;
			sourceTree = "<group>";
		};
		4A817CF41B33A3F1007C8AA4 /* Profile */ = {
			isa = PBXGroup;
			children = (
				4A817CF51B33A450007C8AA4 /* UserProfileViewController.swift */,
				4A817CF71B33A5B8007C8AA4 /* UserProfileTableViewCell.swift */,
				4A817CF91B33F86D007C8AA4 /* SocialWebViewController.swift */,
				4A5E96EC1B4258F300DEFDB8 /* UserProfileModel.swift */,
			);
			name = Profile;
			sourceTree = "<group>";
		};
		4AC5979F1A85D7B200A60F2A /* Frameworks */ = {
			isa = PBXGroup;
			children = (
				4AC597A01A85D7E600A60F2A /* FacebookSDK.framework */,
			);
			path = Frameworks;
			sourceTree = "<group>";
		};
		4AC7CFF21B0DC0E6001D48B4 /* MySocial */ = {
			isa = PBXGroup;
			children = (
				4A5E96E61B42507B00DEFDB8 /* UserServer.swift */,
				4A2B92581B10125200583088 /* User.swift */,
				4ABB9EF11AA2F39A00A72F08 /* MySocialViewController.swift */,
				4AC7CFEF1B0DBE53001D48B4 /* FacebookBox.swift */,
				4AC7CFF31B0E92B2001D48B4 /* InstagramBox.swift */,
				4AC7CFF51B0E92EB001D48B4 /* SnapchatBox.swift */,
				4AC7CFF71B0E932A001D48B4 /* LinkedinBox.swift */,
				4AEFB2BA1B1192BA008FC58A /* UserPhotos.swift */,
				4AEFB2BC1B119348008FC58A /* AlbumModel.swift */,
				4AEFB2BE1B11945B008FC58A /* FBphotohelper.swift */,
				4AEFB2C01B119703008FC58A /* AlbumsViewController.swift */,
				4AEFB2C81B159E5F008FC58A /* SinglePhotoViewController.swift */,
				4ACA03301B37C92100CB31C1 /* AlbumViewController.swift */,
				4A8C2E111B37EC05003027ED /* AlbumViewControllerCell.swift */,
				4A5722511B4E44570057572C /* FBinclude.swift */,
				4A5722531B4E4A360057572C /* FBtextView.swift */,
			);
			name = MySocial;
			sourceTree = "<group>";
		};
		CFE4906B1A545A0800D66D5A = {
			isa = PBXGroup;
			children = (
				CFE490761A545A0800D66D5A /* ms */,
				4AC5979F1A85D7B200A60F2A /* Frameworks */,
				CFE4908F1A545A0800D66D5A /* msTests */,
				CFE490751A545A0800D66D5A /* Products */,
			);
			sourceTree = "<group>";
		};
		CFE490751A545A0800D66D5A /* Products */ = {
			isa = PBXGroup;
			children = (
				CFE490741A545A0800D66D5A /* ms.app */,
				CFE4908C1A545A0800D66D5A /* msTests.xctest */,
			);
			name = Products;
			sourceTree = "<group>";
		};
		CFE490761A545A0800D66D5A /* ms */ = {
			isa = PBXGroup;
			children = (
				4AC3BB2A1B51D1B900EA6ED3 /* Images.xcassets */,
				4A817CF41B33A3F1007C8AA4 /* Profile */,
				4A817CEF1B328030007C8AA4 /* Social */,
				4A2E46311B256FE6007C02E4 /* Missed */,
				4AC7CFF21B0DC0E6001D48B4 /* MySocial */,
				4AC267D71A6E1F5C00AA6478 /* ms-Bridging-Header.h */,
				4AC267E61A6E3CEE00AA6478 /* Location.h */,
				4AC267E41A6E3CDB00AA6478 /* Location.m */,
				CFE490791A545A0800D66D5A /* AppDelegate.swift */,
				4ACA934C1A95A46600808F3F /* LandingViewController.swift */,
				4AC597A21A8B4CCF00A60F2A /* HomeViewController.swift */,
				4ACC0DCA1A760B8900CF74C4 /* ServerManagement.swift */,
				4ACC0DC61A70CA8D00CF74C4 /* CoreDataManagement.swift */,
				4ACC0DC81A744A6200CF74C4 /* CoreDataToServer.swift */,
				4AC7CFF91B0EADE0001D48B4 /* Main.storyboard */,
				4AC7CFFC1B0EB055001D48B4 /* Storyboard.storyboard */,
				CFE490851A545A0800D66D5A /* LaunchScreen.xib */,
				CFE4907B1A545A0800D66D5A /* ms.xcdatamodeld */,
				4A2E462F1B1D7F8E007C02E4 /* images */,
				CFE490771A545A0800D66D5A /* Supporting Files */,
			);
			path = ms;
			sourceTree = "<group>";
		};
		CFE490771A545A0800D66D5A /* Supporting Files */ = {
			isa = PBXGroup;
			children = (
				CFE490781A545A0800D66D5A /* Info.plist */,
			);
			name = "Supporting Files";
			sourceTree = "<group>";
		};
		CFE4908F1A545A0800D66D5A /* msTests */ = {
			isa = PBXGroup;
			children = (
				CFE490921A545A0800D66D5A /* msTests.swift */,
				CFE490901A545A0800D66D5A /* Supporting Files */,
			);
			path = msTests;
			sourceTree = "<group>";
		};
		CFE490901A545A0800D66D5A /* Supporting Files */ = {
			isa = PBXGroup;
			children = (
				CFE490911A545A0800D66D5A /* Info.plist */,
			);
			name = "Supporting Files";
			sourceTree = "<group>";
		};
/* End PBXGroup section */

/* Begin PBXNativeTarget section */
		CFE490731A545A0800D66D5A /* ms */ = {
			isa = PBXNativeTarget;
			buildConfigurationList = CFE490961A545A0800D66D5A /* Build configuration list for PBXNativeTarget "ms" */;
			buildPhases = (
				CFE490701A545A0800D66D5A /* Sources */,
				CFE490711A545A0800D66D5A /* Frameworks */,
				CFE490721A545A0800D66D5A /* Resources */,
			);
			buildRules = (
			);
			dependencies = (
			);
			name = ms;
			productName = ms;
			productReference = CFE490741A545A0800D66D5A /* ms.app */;
			productType = "com.apple.product-type.application";
		};
		CFE4908B1A545A0800D66D5A /* msTests */ = {
			isa = PBXNativeTarget;
			buildConfigurationList = CFE490991A545A0800D66D5A /* Build configuration list for PBXNativeTarget "msTests" */;
			buildPhases = (
				CFE490881A545A0800D66D5A /* Sources */,
				CFE490891A545A0800D66D5A /* Frameworks */,
				CFE4908A1A545A0800D66D5A /* Resources */,
			);
			buildRules = (
			);
			dependencies = (
				CFE4908E1A545A0800D66D5A /* PBXTargetDependency */,
			);
			name = msTests;
			productName = msTests;
			productReference = CFE4908C1A545A0800D66D5A /* msTests.xctest */;
			productType = "com.apple.product-type.bundle.unit-test";
		};
/* End PBXNativeTarget section */

/* Begin PBXProject section */
		CFE4906C1A545A0800D66D5A /* Project object */ = {
			isa = PBXProject;
			attributes = {
				LastUpgradeCheck = 0610;
				ORGANIZATIONNAME = "Missed Social";
				TargetAttributes = {
					CFE490731A545A0800D66D5A = {
						CreatedOnToolsVersion = 6.1.1;
						DevelopmentTeam = KYUNTCYL2V;
						SystemCapabilities = {
							com.apple.BackgroundModes = {
								enabled = 1;
							};
						};
					};
					CFE4908B1A545A0800D66D5A = {
						CreatedOnToolsVersion = 6.1.1;
						TestTargetID = CFE490731A545A0800D66D5A;
					};
				};
			};
			buildConfigurationList = CFE4906F1A545A0800D66D5A /* Build configuration list for PBXProject "ms" */;
			compatibilityVersion = "Xcode 3.2";
			developmentRegion = English;
			hasScannedForEncodings = 0;
			knownRegions = (
				en,
				Base,
			);
			mainGroup = CFE4906B1A545A0800D66D5A;
			productRefGroup = CFE490751A545A0800D66D5A /* Products */;
			projectDirPath = "";
			projectRoot = "";
			targets = (
				CFE490731A545A0800D66D5A /* ms */,
				CFE4908B1A545A0800D66D5A /* msTests */,
			);
		};
/* End PBXProject section */

/* Begin PBXResourcesBuildPhase section */
		CFE490721A545A0800D66D5A /* Resources */ = {
			isa = PBXResourcesBuildPhase;
			buildActionMask = 2147483647;
			files = (
				4A2E46301B1D7F8E007C02E4 /* images in Resources */,
				4AC3BB2B1B51D1B900EA6ED3 /* Images.xcassets in Resources */,
				4AC7CFFB1B0EADE0001D48B4 /* Main.storyboard in Resources */,
				4AC7CFFE1B0EB055001D48B4 /* Storyboard.storyboard in Resources */,
				CFE490871A545A0800D66D5A /* LaunchScreen.xib in Resources */,
			);
			runOnlyForDeploymentPostprocessing = 0;
		};
		CFE4908A1A545A0800D66D5A /* Resources */ = {
			isa = PBXResourcesBuildPhase;
			buildActionMask = 2147483647;
			files = (
			);
			runOnlyForDeploymentPostprocessing = 0;
		};
/* End PBXResourcesBuildPhase section */

/* Begin PBXSourcesBuildPhase section */
		CFE490701A545A0800D66D5A /* Sources */ = {
			isa = PBXSourcesBuildPhase;
			buildActionMask = 2147483647;
			files = (
				4ACC0DC91A744A6200CF74C4 /* CoreDataToServer.swift in Sources */,
				CFE4907A1A545A0800D66D5A /* AppDelegate.swift in Sources */,
				4AC7CFF41B0E92B2001D48B4 /* InstagramBox.swift in Sources */,
				4AC7CFF81B0E932A001D48B4 /* LinkedinBox.swift in Sources */,
				4A8C2E121B37EC05003027ED /* AlbumViewControllerCell.swift in Sources */,
				4A817CF81B33A5B8007C8AA4 /* UserProfileTableViewCell.swift in Sources */,
				4AC597A31A8B4CCF00A60F2A /* HomeViewController.swift in Sources */,
				4ABF73A01B471921006CCD92 /* UserMissedTableViewCell.swift in Sources */,
				4AC7CFF01B0DBE53001D48B4 /* FacebookBox.swift in Sources */,
				4A817CF31B32824B007C8AA4 /* SocialTableViewCell.swift in Sources */,
				4A2B92591B10125200583088 /* User.swift in Sources */,
				4A57225E1B4F74660057572C /* SocialInfoModel.swift in Sources */,
				4A5722541B4E4A360057572C /* FBtextView.swift in Sources */,
				4A2E46351B257148007C02E4 /* MissedViewController.swift in Sources */,
				4AC267E51A6E3CDB00AA6478 /* Location.m in Sources */,
				4AEFB2BD1B119348008FC58A /* AlbumModel.swift in Sources */,
				4A5722521B4E44580057572C /* FBinclude.swift in Sources */,
				4A2886351B2F8A0900919FB7 /* MissedTableViewCell.swift in Sources */,
				4AEFB2BB1B1192BA008FC58A /* UserPhotos.swift in Sources */,
				4A817CFA1B33F86D007C8AA4 /* SocialWebViewController.swift in Sources */,
				4A2886371B2FC9CE00919FB7 /* GetMissed.swift in Sources */,
				4A817CF11B328209007C8AA4 /* SocialViewController.swift in Sources */,
				4A817CF61B33A450007C8AA4 /* UserProfileViewController.swift in Sources */,
				4AEFB2C91B159E5F008FC58A /* SinglePhotoViewController.swift in Sources */,
				4A5E96E71B42507B00DEFDB8 /* UserServer.swift in Sources */,
				4AEFB2BF1B11945B008FC58A /* FBphotohelper.swift in Sources */,
				4ABF739C1B463145006CCD92 /* MissedHelper.swift in Sources */,
				4ACA03311B37C92400CB31C1 /* AlbumViewController.swift in Sources */,
				4ABB9EF21AA2F39A00A72F08 /* MySocialViewController.swift in Sources */,
				4A5E96E91B4252F100DEFDB8 /* SocialModel.swift in Sources */,
				4A57225A1B4F72980057572C /* UserSocialViewController.swift in Sources */,
				4AEFB2C11B119703008FC58A /* AlbumsViewController.swift in Sources */,
				4A5E96ED1B4258F300DEFDB8 /* UserProfileModel.swift in Sources */,
				4AC7CFF61B0E92EB001D48B4 /* SnapchatBox.swift in Sources */,
				4A5722561B4F5A520057572C /* SocialHelper.swift in Sources */,
				4ACC0DCB1A760B8900CF74C4 /* ServerManagement.swift in Sources */,
				CFE4907D1A545A0800D66D5A /* ms.xcdatamodeld in Sources */,
				4ABF739A1B45F5FC006CCD92 /* UserMissedViewController.swift in Sources */,
				4ACA934D1A95A46600808F3F /* LandingViewController.swift in Sources */,
				4A5E96EB1B4256B200DEFDB8 /* MissedModel.swift in Sources */,
				4A57225C1B4F730B0057572C /* UserSocialTableViewCell.swift in Sources */,
				4ACC0DC71A70CA8D00CF74C4 /* CoreDataManagement.swift in Sources */,
				4ABF739E1B463BB1006CCD92 /* MissedInfoModel.swift in Sources */,
			);
			runOnlyForDeploymentPostprocessing = 0;
		};
		CFE490881A545A0800D66D5A /* Sources */ = {
			isa = PBXSourcesBuildPhase;
			buildActionMask = 2147483647;
			files = (
				CFE490931A545A0800D66D5A /* msTests.swift in Sources */,
			);
			runOnlyForDeploymentPostprocessing = 0;
		};
/* End PBXSourcesBuildPhase section */

/* Begin PBXTargetDependency section */
		CFE4908E1A545A0800D66D5A /* PBXTargetDependency */ = {
			isa = PBXTargetDependency;
			target = CFE490731A545A0800D66D5A /* ms */;
			targetProxy = CFE4908D1A545A0800D66D5A /* PBXContainerItemProxy */;
		};
/* End PBXTargetDependency section */

/* Begin PBXVariantGroup section */
		4AC7CFF91B0EADE0001D48B4 /* Main.storyboard */ = {
			isa = PBXVariantGroup;
			children = (
				4AC7CFFA1B0EADE0001D48B4 /* Base */,
			);
			name = Main.storyboard;
			sourceTree = "<group>";
		};
		4AC7CFFC1B0EB055001D48B4 /* Storyboard.storyboard */ = {
			isa = PBXVariantGroup;
			children = (
				4AC7CFFD1B0EB055001D48B4 /* Base */,
			);
			name = Storyboard.storyboard;
			sourceTree = "<group>";
		};
		CFE490851A545A0800D66D5A /* LaunchScreen.xib */ = {
			isa = PBXVariantGroup;
			children = (
				CFE490861A545A0800D66D5A /* Base */,
			);
			name = LaunchScreen.xib;
			sourceTree = "<group>";
		};
/* End PBXVariantGroup section */

/* Begin XCBuildConfiguration section */
		CFE490941A545A0800D66D5A /* Debug */ = {
			isa = XCBuildConfiguration;
			buildSettings = {
				ALWAYS_SEARCH_USER_PATHS = NO;
				CLANG_CXX_LANGUAGE_STANDARD = "gnu++0x";
				CLANG_CXX_LIBRARY = "libc++";
				CLANG_ENABLE_MODULES = YES;
				CLANG_ENABLE_OBJC_ARC = YES;
				CLANG_WARN_BOOL_CONVERSION = YES;
				CLANG_WARN_CONSTANT_CONVERSION = YES;
				CLANG_WARN_DIRECT_OBJC_ISA_USAGE = YES_ERROR;
				CLANG_WARN_EMPTY_BODY = YES;
				CLANG_WARN_ENUM_CONVERSION = YES;
				CLANG_WARN_INT_CONVERSION = YES;
				CLANG_WARN_OBJC_ROOT_CLASS = YES_ERROR;
				CLANG_WARN_UNREACHABLE_CODE = YES;
				CLANG_WARN__DUPLICATE_METHOD_MATCH = YES;
				"CODE_SIGN_IDENTITY[sdk=iphoneos*]" = "iPhone Developer";
				COPY_PHASE_STRIP = NO;
				ENABLE_STRICT_OBJC_MSGSEND = YES;
				GCC_C_LANGUAGE_STANDARD = gnu99;
				GCC_DYNAMIC_NO_PIC = NO;
				GCC_OPTIMIZATION_LEVEL = 0;
				GCC_PREPROCESSOR_DEFINITIONS = (
					"DEBUG=1",
					"$(inherited)",
				);
				GCC_SYMBOLS_PRIVATE_EXTERN = NO;
				GCC_WARN_64_TO_32_BIT_CONVERSION = YES;
				GCC_WARN_ABOUT_RETURN_TYPE = YES_ERROR;
				GCC_WARN_UNDECLARED_SELECTOR = YES;
				GCC_WARN_UNINITIALIZED_AUTOS = YES_AGGRESSIVE;
				GCC_WARN_UNUSED_FUNCTION = YES;
				GCC_WARN_UNUSED_VARIABLE = YES;
				IPHONEOS_DEPLOYMENT_TARGET = 8.1;
				MTL_ENABLE_DEBUG_INFO = YES;
				ONLY_ACTIVE_ARCH = YES;
				SDKROOT = iphoneos;
				SWIFT_OPTIMIZATION_LEVEL = "-Onone";
			};
			name = Debug;
		};
		CFE490951A545A0800D66D5A /* Release */ = {
			isa = XCBuildConfiguration;
			buildSettings = {
				ALWAYS_SEARCH_USER_PATHS = NO;
				CLANG_CXX_LANGUAGE_STANDARD = "gnu++0x";
				CLANG_CXX_LIBRARY = "libc++";
				CLANG_ENABLE_MODULES = YES;
				CLANG_ENABLE_OBJC_ARC = YES;
				CLANG_WARN_BOOL_CONVERSION = YES;
				CLANG_WARN_CONSTANT_CONVERSION = YES;
				CLANG_WARN_DIRECT_OBJC_ISA_USAGE = YES_ERROR;
				CLANG_WARN_EMPTY_BODY = YES;
				CLANG_WARN_ENUM_CONVERSION = YES;
				CLANG_WARN_INT_CONVERSION = YES;
				CLANG_WARN_OBJC_ROOT_CLASS = YES_ERROR;
				CLANG_WARN_UNREACHABLE_CODE = YES;
				CLANG_WARN__DUPLICATE_METHOD_MATCH = YES;
				"CODE_SIGN_IDENTITY[sdk=iphoneos*]" = "iPhone Developer";
				COPY_PHASE_STRIP = YES;
				ENABLE_NS_ASSERTIONS = NO;
				ENABLE_STRICT_OBJC_MSGSEND = YES;
				GCC_C_LANGUAGE_STANDARD = gnu99;
				GCC_WARN_64_TO_32_BIT_CONVERSION = YES;
				GCC_WARN_ABOUT_RETURN_TYPE = YES_ERROR;
				GCC_WARN_UNDECLARED_SELECTOR = YES;
				GCC_WARN_UNINITIALIZED_AUTOS = YES_AGGRESSIVE;
				GCC_WARN_UNUSED_FUNCTION = YES;
				GCC_WARN_UNUSED_VARIABLE = YES;
				IPHONEOS_DEPLOYMENT_TARGET = 8.1;
				MTL_ENABLE_DEBUG_INFO = NO;
				SDKROOT = iphoneos;
				VALIDATE_PRODUCT = YES;
			};
			name = Release;
		};
		CFE490971A545A0800D66D5A /* Debug */ = {
			isa = XCBuildConfiguration;
			buildSettings = {
				ASSETCATALOG_COMPILER_APPICON_NAME = AppIcon;
				CLANG_ENABLE_MODULES = YES;
				CODE_SIGN_IDENTITY = "iPhone Developer";
				"CODE_SIGN_IDENTITY[sdk=iphoneos*]" = "iPhone Developer";
				FRAMEWORK_SEARCH_PATHS = (
					"$(inherited)",
					/Users/neilballard/Documents/FacebookSDK,
				);
				INFOPLIST_FILE = ms/Info.plist;
				IPHONEOS_DEPLOYMENT_TARGET = 8.3;
				LD_RUNPATH_SEARCH_PATHS = "$(inherited) @executable_path/Frameworks";
				PRODUCT_NAME = "$(TARGET_NAME)";
				PROVISIONING_PROFILE = "";
				SWIFT_OBJC_BRIDGING_HEADER = "ms/ms-Bridging-Header.h";
				SWIFT_OPTIMIZATION_LEVEL = "-Onone";
				TARGETED_DEVICE_FAMILY = 1;
			};
			name = Debug;
		};
		CFE490981A545A0800D66D5A /* Release */ = {
			isa = XCBuildConfiguration;
			buildSettings = {
				ASSETCATALOG_COMPILER_APPICON_NAME = AppIcon;
				CLANG_ENABLE_MODULES = YES;
				CODE_SIGN_IDENTITY = "iPhone Developer";
				"CODE_SIGN_IDENTITY[sdk=iphoneos*]" = "iPhone Developer";
				FRAMEWORK_SEARCH_PATHS = (
					"$(inherited)",
					/Users/neilballard/Documents/FacebookSDK,
				);
				INFOPLIST_FILE = ms/Info.plist;
				IPHONEOS_DEPLOYMENT_TARGET = 8.3;
				LD_RUNPATH_SEARCH_PATHS = "$(inherited) @executable_path/Frameworks";
				PRODUCT_NAME = "$(TARGET_NAME)";
				PROVISIONING_PROFILE = "";
				SWIFT_OBJC_BRIDGING_HEADER = "ms/ms-Bridging-Header.h";
				TARGETED_DEVICE_FAMILY = 1;
			};
			name = Release;
		};
		CFE4909A1A545A0800D66D5A /* Debug */ = {
			isa = XCBuildConfiguration;
			buildSettings = {
				BUNDLE_LOADER = "$(TEST_HOST)";
				FRAMEWORK_SEARCH_PATHS = (
					"$(SDKROOT)/Developer/Library/Frameworks",
					"$(inherited)",
				);
				GCC_PREPROCESSOR_DEFINITIONS = (
					"DEBUG=1",
					"$(inherited)",
				);
				INFOPLIST_FILE = msTests/Info.plist;
				LD_RUNPATH_SEARCH_PATHS = "$(inherited) @executable_path/Frameworks @loader_path/Frameworks";
				PRODUCT_NAME = "$(TARGET_NAME)";
				TEST_HOST = "$(BUILT_PRODUCTS_DIR)/ms.app/ms";
			};
			name = Debug;
		};
		CFE4909B1A545A0800D66D5A /* Release */ = {
			isa = XCBuildConfiguration;
			buildSettings = {
				BUNDLE_LOADER = "$(TEST_HOST)";
				FRAMEWORK_SEARCH_PATHS = (
					"$(SDKROOT)/Developer/Library/Frameworks",
					"$(inherited)",
				);
				INFOPLIST_FILE = msTests/Info.plist;
				LD_RUNPATH_SEARCH_PATHS = "$(inherited) @executable_path/Frameworks @loader_path/Frameworks";
				PRODUCT_NAME = "$(TARGET_NAME)";
				TEST_HOST = "$(BUILT_PRODUCTS_DIR)/ms.app/ms";
			};
			name = Release;
		};
/* End XCBuildConfiguration section */

/* Begin XCConfigurationList section */
		CFE4906F1A545A0800D66D5A /* Build configuration list for PBXProject "ms" */ = {
			isa = XCConfigurationList;
			buildConfigurations = (
				CFE490941A545A0800D66D5A /* Debug */,
				CFE490951A545A0800D66D5A /* Release */,
			);
			defaultConfigurationIsVisible = 0;
			defaultConfigurationName = Release;
		};
		CFE490961A545A0800D66D5A /* Build configuration list for PBXNativeTarget "ms" */ = {
			isa = XCConfigurationList;
			buildConfigurations = (
				CFE490971A545A0800D66D5A /* Debug */,
				CFE490981A545A0800D66D5A /* Release */,
			);
			defaultConfigurationIsVisible = 0;
			defaultConfigurationName = Release;
		};
		CFE490991A545A0800D66D5A /* Build configuration list for PBXNativeTarget "msTests" */ = {
			isa = XCConfigurationList;
			buildConfigurations = (
				CFE4909A1A545A0800D66D5A /* Debug */,
				CFE4909B1A545A0800D66D5A /* Release */,
			);
			defaultConfigurationIsVisible = 0;
			defaultConfigurationName = Release;
		};
/* End XCConfigurationList section */

/* Begin XCVersionGroup section */
		CFE4907B1A545A0800D66D5A /* ms.xcdatamodeld */ = {
			isa = XCVersionGroup;
			children = (
				CFE4907C1A545A0800D66D5A /* ms.xcdatamodel */,
			);
			currentVersion = CFE4907C1A545A0800D66D5A /* ms.xcdatamodel */;
			path = ms.xcdatamodeld;
			sourceTree = "<group>";
			versionGroupType = wrapper.xcdatamodel;
		};
/* End XCVersionGroup section */
	};
	rootObject = CFE4906C1A545A0800D66D5A /* Project object */;
}
